// !$*UTF8*$!
{
	archiveVersion = 1;
	classes = {
	};
	objectVersion = 50;
	objects = {

/* Begin PBXBuildFile section */
		720FF6E120B80CFF00237EF4 /* AppDelegate.swift in Sources */ = {isa = PBXBuildFile; fileRef = 720FF6E020B80CFF00237EF4 /* AppDelegate.swift */; };
		720FF6E620B80D0000237EF4 /* Main.storyboard in Resources */ = {isa = PBXBuildFile; fileRef = 720FF6E420B80D0000237EF4 /* Main.storyboard */; };
		720FF6E820B80D0100237EF4 /* Assets.xcassets in Resources */ = {isa = PBXBuildFile; fileRef = 720FF6E720B80D0100237EF4 /* Assets.xcassets */; };
		720FF6EB20B80D0100237EF4 /* LaunchScreen.storyboard in Resources */ = {isa = PBXBuildFile; fileRef = 720FF6E920B80D0100237EF4 /* LaunchScreen.storyboard */; };
		720FF6F420B8155900237EF4 /* GroupViewController.swift in Sources */ = {isa = PBXBuildFile; fileRef = 720FF6F320B8155900237EF4 /* GroupViewController.swift */; };
		720FF6F920B815E700237EF4 /* GroupCollectionViewCell.swift in Sources */ = {isa = PBXBuildFile; fileRef = 720FF6F720B815E700237EF4 /* GroupCollectionViewCell.swift */; };
		720FF6FD20B821EE00237EF4 /* NetworkManager.swift in Sources */ = {isa = PBXBuildFile; fileRef = 720FF6FC20B821EE00237EF4 /* NetworkManager.swift */; };
		720FF70020B823DE00237EF4 /* NetworkModels.swift in Sources */ = {isa = PBXBuildFile; fileRef = 720FF6FF20B823DE00237EF4 /* NetworkModels.swift */; };
		B8027D6AEE2B013174B425A5 /* Pods_Test_Project.framework in Frameworks */ = {isa = PBXBuildFile; fileRef = 3284E0AAF4C0EAB7DA236BA3 /* Pods_Test_Project.framework */; };
/* End PBXBuildFile section */

/* Begin PBXFileReference section */
		3284E0AAF4C0EAB7DA236BA3 /* Pods_Test_Project.framework */ = {isa = PBXFileReference; explicitFileType = wrapper.framework; includeInIndex = 0; path = Pods_Test_Project.framework; sourceTree = BUILT_PRODUCTS_DIR; };
		41B16C879D1CA855ED386C35 /* Pods-Test Project.debug.xcconfig */ = {isa = PBXFileReference; includeInIndex = 1; lastKnownFileType = text.xcconfig; name = "Pods-Test Project.debug.xcconfig"; path = "Pods/Target Support Files/Pods-Test Project/Pods-Test Project.debug.xcconfig"; sourceTree = "<group>"; };
		7094523C666CC7C71E509209 /* Pods-Test Project.release.xcconfig */ = {isa = PBXFileReference; includeInIndex = 1; lastKnownFileType = text.xcconfig; name = "Pods-Test Project.release.xcconfig"; path = "Pods/Target Support Files/Pods-Test Project/Pods-Test Project.release.xcconfig"; sourceTree = "<group>"; };
		720FF6DD20B80CFF00237EF4 /* Test Project.app */ = {isa = PBXFileReference; explicitFileType = wrapper.application; includeInIndex = 0; path = "Test Project.app"; sourceTree = BUILT_PRODUCTS_DIR; };
		720FF6E020B80CFF00237EF4 /* AppDelegate.swift */ = {isa = PBXFileReference; lastKnownFileType = sourcecode.swift; path = AppDelegate.swift; sourceTree = "<group>"; };
		720FF6E520B80D0000237EF4 /* Base */ = {isa = PBXFileReference; lastKnownFileType = file.storyboard; name = Base; path = Base.lproj/Main.storyboard; sourceTree = "<group>"; };
		720FF6E720B80D0100237EF4 /* Assets.xcassets */ = {isa = PBXFileReference; lastKnownFileType = folder.assetcatalog; path = Assets.xcassets; sourceTree = "<group>"; };
		720FF6EA20B80D0100237EF4 /* Base */ = {isa = PBXFileReference; lastKnownFileType = file.storyboard; name = Base; path = Base.lproj/LaunchScreen.storyboard; sourceTree = "<group>"; };
		720FF6EC20B80D0100237EF4 /* Info.plist */ = {isa = PBXFileReference; lastKnownFileType = text.plist.xml; path = Info.plist; sourceTree = "<group>"; };
		720FF6F320B8155900237EF4 /* GroupViewController.swift */ = {isa = PBXFileReference; lastKnownFileType = sourcecode.swift; path = GroupViewController.swift; sourceTree = "<group>"; };
		720FF6F720B815E700237EF4 /* GroupCollectionViewCell.swift */ = {isa = PBXFileReference; lastKnownFileType = sourcecode.swift; path = GroupCollectionViewCell.swift; sourceTree = "<group>"; };
		720FF6FC20B821EE00237EF4 /* NetworkManager.swift */ = {isa = PBXFileReference; lastKnownFileType = sourcecode.swift; path = NetworkManager.swift; sourceTree = "<group>"; };
		720FF6FF20B823DE00237EF4 /* NetworkModels.swift */ = {isa = PBXFileReference; lastKnownFileType = sourcecode.swift; path = NetworkModels.swift; sourceTree = "<group>"; };
/* End PBXFileReference section */

/* Begin PBXFrameworksBuildPhase section */
		720FF6DA20B80CFF00237EF4 /* Frameworks */ = {
			isa = PBXFrameworksBuildPhase;
			buildActionMask = 2147483647;
			files = (
				B8027D6AEE2B013174B425A5 /* Pods_Test_Project.framework in Frameworks */,
			);
			runOnlyForDeploymentPostprocessing = 0;
		};
/* End PBXFrameworksBuildPhase section */

/* Begin PBXGroup section */
		720FF6D420B80CFF00237EF4 = {
			isa = PBXGroup;
			children = (
				720FF6DF20B80CFF00237EF4 /* Test Project */,
				720FF6DE20B80CFF00237EF4 /* Products */,
				98C674FE7AE203EDDE9CA2AD /* Pods */,
				D0A0E0EBA05F537B4DA03A92 /* Frameworks */,
			);
			sourceTree = "<group>";
		};
		720FF6DE20B80CFF00237EF4 /* Products */ = {
			isa = PBXGroup;
			children = (
				720FF6DD20B80CFF00237EF4 /* Test Project.app */,
			);
			name = Products;
			sourceTree = "<group>";
		};
		720FF6DF20B80CFF00237EF4 /* Test Project */ = {
			isa = PBXGroup;
			children = (
				720FF6F520B815B500237EF4 /* Cells */,
				720FF6FB20B821B100237EF4 /* Managers */,
				720FF6FE20B822DE00237EF4 /* Models */,
				720FF6F220B8151B00237EF4 /* ViewControllers */,
				720FF6E020B80CFF00237EF4 /* AppDelegate.swift */,
				720FF6E720B80D0100237EF4 /* Assets.xcassets */,
				720FF6EC20B80D0100237EF4 /* Info.plist */,
				720FF6E920B80D0100237EF4 /* LaunchScreen.storyboard */,
				720FF6E420B80D0000237EF4 /* Main.storyboard */,
			);
			path = "Test Project";
			sourceTree = "<group>";
		};
		720FF6F220B8151B00237EF4 /* ViewControllers */ = {
			isa = PBXGroup;
			children = (
				720FF6F320B8155900237EF4 /* GroupViewController.swift */,
			);
			path = ViewControllers;
			sourceTree = "<group>";
		};
		720FF6F520B815B500237EF4 /* Cells */ = {
			isa = PBXGroup;
			children = (
				720FF6F620B815C100237EF4 /* GroupCell */,
			);
			path = Cells;
			sourceTree = "<group>";
		};
		720FF6F620B815C100237EF4 /* GroupCell */ = {
			isa = PBXGroup;
			children = (
				720FF6F720B815E700237EF4 /* GroupCollectionViewCell.swift */,
			);
			path = GroupCell;
			sourceTree = "<group>";
		};
		720FF6FB20B821B100237EF4 /* Managers */ = {
			isa = PBXGroup;
			children = (
				720FF6FC20B821EE00237EF4 /* NetworkManager.swift */,
			);
			path = Managers;
			sourceTree = "<group>";
		};
		720FF6FE20B822DE00237EF4 /* Models */ = {
			isa = PBXGroup;
			children = (
				720FF6FF20B823DE00237EF4 /* NetworkModels.swift */,
			);
			path = Models;
			sourceTree = "<group>";
		};
		98C674FE7AE203EDDE9CA2AD /* Pods */ = {
			isa = PBXGroup;
			children = (
				41B16C879D1CA855ED386C35 /* Pods-Test Project.debug.xcconfig */,
				7094523C666CC7C71E509209 /* Pods-Test Project.release.xcconfig */,
			);
			name = Pods;
			sourceTree = "<group>";
		};
		D0A0E0EBA05F537B4DA03A92 /* Frameworks */ = {
			isa = PBXGroup;
			children = (
				3284E0AAF4C0EAB7DA236BA3 /* Pods_Test_Project.framework */,
			);
			name = Frameworks;
			sourceTree = "<group>";
		};
/* End PBXGroup section */

/* Begin PBXNativeTarget section */
		720FF6DC20B80CFF00237EF4 /* Test Project */ = {
			isa = PBXNativeTarget;
			buildConfigurationList = 720FF6EF20B80D0100237EF4 /* Build configuration list for PBXNativeTarget "Test Project" */;
			buildPhases = (
				D227B3CB250CE8B082F832A2 /* [CP] Check Pods Manifest.lock */,
				720FF6D920B80CFF00237EF4 /* Sources */,
				720FF6DA20B80CFF00237EF4 /* Frameworks */,
				720FF6DB20B80CFF00237EF4 /* Resources */,
				6B424382F0BF92FDD73F5D3D /* [CP] Embed Pods Frameworks */,
			);
			buildRules = (
			);
			dependencies = (
			);
			name = "Test Project";
			productName = "Test Project";
			productReference = 720FF6DD20B80CFF00237EF4 /* Test Project.app */;
			productType = "com.apple.product-type.application";
		};
/* End PBXNativeTarget section */

/* Begin PBXProject section */
		720FF6D520B80CFF00237EF4 /* Project object */ = {
			isa = PBXProject;
			attributes = {
				LastSwiftUpdateCheck = 0930;
				LastUpgradeCheck = 0930;
				ORGANIZATIONNAME = "István Stefánovics";
				TargetAttributes = {
					720FF6DC20B80CFF00237EF4 = {
						CreatedOnToolsVersion = 9.3.1;
					};
				};
			};
			buildConfigurationList = 720FF6D820B80CFF00237EF4 /* Build configuration list for PBXProject "Test Project" */;
			compatibilityVersion = "Xcode 9.3";
			developmentRegion = en;
			hasScannedForEncodings = 0;
			knownRegions = (
				en,
				Base,
			);
			mainGroup = 720FF6D420B80CFF00237EF4;
			productRefGroup = 720FF6DE20B80CFF00237EF4 /* Products */;
			projectDirPath = "";
			projectRoot = "";
			targets = (
				720FF6DC20B80CFF00237EF4 /* Test Project */,
			);
		};
/* End PBXProject section */

/* Begin PBXResourcesBuildPhase section */
		720FF6DB20B80CFF00237EF4 /* Resources */ = {
			isa = PBXResourcesBuildPhase;
			buildActionMask = 2147483647;
			files = (
				720FF6EB20B80D0100237EF4 /* LaunchScreen.storyboard in Resources */,
				720FF6E820B80D0100237EF4 /* Assets.xcassets in Resources */,
				720FF6E620B80D0000237EF4 /* Main.storyboard in Resources */,
			);
			runOnlyForDeploymentPostprocessing = 0;
		};
/* End PBXResourcesBuildPhase section */

/* Begin PBXShellScriptBuildPhase section */
		6B424382F0BF92FDD73F5D3D /* [CP] Embed Pods Frameworks */ = {
			isa = PBXShellScriptBuildPhase;
			buildActionMask = 2147483647;
			files = (
			);
			inputPaths = (
				"${SRCROOT}/Pods/Target Support Files/Pods-Test Project/Pods-Test Project-frameworks.sh",
				"${BUILT_PRODUCTS_DIR}/Alamofire/Alamofire.framework",
				"${BUILT_PRODUCTS_DIR}/Gloss/Gloss.framework",
				"${BUILT_PRODUCTS_DIR}/SDWebImage/SDWebImage.framework",
			);
			name = "[CP] Embed Pods Frameworks";
			outputPaths = (
				"${TARGET_BUILD_DIR}/${FRAMEWORKS_FOLDER_PATH}/Alamofire.framework",
				"${TARGET_BUILD_DIR}/${FRAMEWORKS_FOLDER_PATH}/Gloss.framework",
				"${TARGET_BUILD_DIR}/${FRAMEWORKS_FOLDER_PATH}/SDWebImage.framework",
			);
			runOnlyForDeploymentPostprocessing = 0;
			shellPath = /bin/sh;
			shellScript = "\"${SRCROOT}/Pods/Target Support Files/Pods-Test Project/Pods-Test Project-frameworks.sh\"\n";
			showEnvVarsInLog = 0;
		};
		D227B3CB250CE8B082F832A2 /* [CP] Check Pods Manifest.lock */ = {
			isa = PBXShellScriptBuildPhase;
			buildActionMask = 2147483647;
			files = (
			);
			inputPaths = (
				"${PODS_PODFILE_DIR_PATH}/Podfile.lock",
				"${PODS_ROOT}/Manifest.lock",
			);
			name = "[CP] Check Pods Manifest.lock";
			outputPaths = (
				"$(DERIVED_FILE_DIR)/Pods-Test Project-checkManifestLockResult.txt",
			);
			runOnlyForDeploymentPostprocessing = 0;
			shellPath = /bin/sh;
			shellScript = "diff \"${PODS_PODFILE_DIR_PATH}/Podfile.lock\" \"${PODS_ROOT}/Manifest.lock\" > /dev/null\nif [ $? != 0 ] ; then\n    # print error to STDERR\n    echo \"error: The sandbox is not in sync with the Podfile.lock. Run 'pod install' or update your CocoaPods installation.\" >&2\n    exit 1\nfi\n# This output is used by Xcode 'outputs' to avoid re-running this script phase.\necho \"SUCCESS\" > \"${SCRIPT_OUTPUT_FILE_0}\"\n";
			showEnvVarsInLog = 0;
		};
/* End PBXShellScriptBuildPhase section */

/* Begin PBXSourcesBuildPhase section */
		720FF6D920B80CFF00237EF4 /* Sources */ = {
			isa = PBXSourcesBuildPhase;
			buildActionMask = 2147483647;
			files = (
				720FF70020B823DE00237EF4 /* NetworkModels.swift in Sources */,
				720FF6FD20B821EE00237EF4 /* NetworkManager.swift in Sources */,
				720FF6F920B815E700237EF4 /* GroupCollectionViewCell.swift in Sources */,
				720FF6F420B8155900237EF4 /* GroupViewController.swift in Sources */,
				720FF6E120B80CFF00237EF4 /* AppDelegate.swift in Sources */,
			);
			runOnlyForDeploymentPostprocessing = 0;
		};
/* End PBXSourcesBuildPhase section */

/* Begin PBXVariantGroup section */
		720FF6E420B80D0000237EF4 /* Main.storyboard */ = {
			isa = PBXVariantGroup;
			children = (
				720FF6E520B80D0000237EF4 /* Base */,
			);
			name = Main.storyboard;
			sourceTree = "<group>";
		};
		720FF6E920B80D0100237EF4 /* LaunchScreen.storyboard */ = {
			isa = PBXVariantGroup;
			children = (
				720FF6EA20B80D0100237EF4 /* Base */,
			);
			name = LaunchScreen.storyboard;
			sourceTree = "<group>";
		};
/* End PBXVariantGroup section */

/* Begin XCBuildConfiguration section */
		720FF6ED20B80D0100237EF4 /* Debug */ = {
			isa = XCBuildConfiguration;
			buildSettings = {
				ALWAYS_SEARCH_USER_PATHS = NO;
				CLANG_ANALYZER_NONNULL = YES;
				CLANG_ANALYZER_NUMBER_OBJECT_CONVERSION = YES_AGGRESSIVE;
				CLANG_CXX_LANGUAGE_STANDARD = "gnu++14";
				CLANG_CXX_LIBRARY = "libc++";
				CLANG_ENABLE_MODULES = YES;
				CLANG_ENABLE_OBJC_ARC = YES;
				CLANG_ENABLE_OBJC_WEAK = YES;
				CLANG_WARN_BLOCK_CAPTURE_AUTORELEASING = YES;
				CLANG_WARN_BOOL_CONVERSION = YES;
				CLANG_WARN_COMMA = YES;
				CLANG_WARN_CONSTANT_CONVERSION = YES;
				CLANG_WARN_DEPRECATED_OBJC_IMPLEMENTATIONS = YES;
				CLANG_WARN_DIRECT_OBJC_ISA_USAGE = YES_ERROR;
				CLANG_WARN_DOCUMENTATION_COMMENTS = YES;
				CLANG_WARN_EMPTY_BODY = YES;
				CLANG_WARN_ENUM_CONVERSION = YES;
				CLANG_WARN_INFINITE_RECURSION = YES;
				CLANG_WARN_INT_CONVERSION = YES;
				CLANG_WARN_NON_LITERAL_NULL_CONVERSION = YES;
				CLANG_WARN_OBJC_IMPLICIT_RETAIN_SELF = YES;
				CLANG_WARN_OBJC_LITERAL_CONVERSION = YES;
				CLANG_WARN_OBJC_ROOT_CLASS = YES_ERROR;
				CLANG_WARN_RANGE_LOOP_ANALYSIS = YES;
				CLANG_WARN_STRICT_PROTOTYPES = YES;
				CLANG_WARN_SUSPICIOUS_MOVE = YES;
				CLANG_WARN_UNGUARDED_AVAILABILITY = YES_AGGRESSIVE;
				CLANG_WARN_UNREACHABLE_CODE = YES;
				CLANG_WARN__DUPLICATE_METHOD_MATCH = YES;
				CODE_SIGN_IDENTITY = "iPhone Developer";
				COPY_PHASE_STRIP = NO;
				DEBUG_INFORMATION_FORMAT = dwarf;
				ENABLE_STRICT_OBJC_MSGSEND = YES;
				ENABLE_TESTABILITY = YES;
				GCC_C_LANGUAGE_STANDARD = gnu11;
				GCC_DYNAMIC_NO_PIC = NO;
				GCC_NO_COMMON_BLOCKS = YES;
				GCC_OPTIMIZATION_LEVEL = 0;
				GCC_PREPROCESSOR_DEFINITIONS = (
					"DEBUG=1",
					"$(inherited)",
				);
				GCC_WARN_64_TO_32_BIT_CONVERSION = YES;
				GCC_WARN_ABOUT_RETURN_TYPE = YES_ERROR;
				GCC_WARN_UNDECLARED_SELECTOR = YES;
				GCC_WARN_UNINITIALIZED_AUTOS = YES_AGGRESSIVE;
				GCC_WARN_UNUSED_FUNCTION = YES;
				GCC_WARN_UNUSED_VARIABLE = YES;
				IPHONEOS_DEPLOYMENT_TARGET = 11.3;
				MTL_ENABLE_DEBUG_INFO = YES;
				ONLY_ACTIVE_ARCH = YES;
				SDKROOT = iphoneos;
				SWIFT_ACTIVE_COMPILATION_CONDITIONS = DEBUG;
				SWIFT_OPTIMIZATION_LEVEL = "-Onone";
			};
			name = Debug;
		};
		720FF6EE20B80D0100237EF4 /* Release */ = {
			isa = XCBuildConfiguration;
			buildSettings = {
				ALWAYS_SEARCH_USER_PATHS = NO;
				CLANG_ANALYZER_NONNULL = YES;
				CLANG_ANALYZER_NUMBER_OBJECT_CONVERSION = YES_AGGRESSIVE;
				CLANG_CXX_LANGUAGE_STANDARD = "gnu++14";
				CLANG_CXX_LIBRARY = "libc++";
				CLANG_ENABLE_MODULES = YES;
				CLANG_ENABLE_OBJC_ARC = YES;
				CLANG_ENABLE_OBJC_WEAK = YES;
				CLANG_WARN_BLOCK_CAPTURE_AUTORELEASING = YES;
				CLANG_WARN_BOOL_CONVERSION = YES;
				CLANG_WARN_COMMA = YES;
				CLANG_WARN_CONSTANT_CONVERSION = YES;
				CLANG_WARN_DEPRECATED_OBJC_IMPLEMENTATIONS = YES;
				CLANG_WARN_DIRECT_OBJC_ISA_USAGE = YES_ERROR;
				CLANG_WARN_DOCUMENTATION_COMMENTS = YES;
				CLANG_WARN_EMPTY_BODY = YES;
				CLANG_WARN_ENUM_CONVERSION = YES;
				CLANG_WARN_INFINITE_RECURSION = YES;
				CLANG_WARN_INT_CONVERSION = YES;
				CLANG_WARN_NON_LITERAL_NULL_CONVERSION = YES;
				CLANG_WARN_OBJC_IMPLICIT_RETAIN_SELF = YES;
				CLANG_WARN_OBJC_LITERAL_CONVERSION = YES;
				CLANG_WARN_OBJC_ROOT_CLASS = YES_ERROR;
				CLANG_WARN_RANGE_LOOP_ANALYSIS = YES;
				CLANG_WARN_STRICT_PROTOTYPES = YES;
				CLANG_WARN_SUSPICIOUS_MOVE = YES;
				CLANG_WARN_UNGUARDED_AVAILABILITY = YES_AGGRESSIVE;
				CLANG_WARN_UNREACHABLE_CODE = YES;
				CLANG_WARN__DUPLICATE_METHOD_MATCH = YES;
				CODE_SIGN_IDENTITY = "iPhone Developer";
				COPY_PHASE_STRIP = NO;
				DEBUG_INFORMATION_FORMAT = "dwarf-with-dsym";
				ENABLE_NS_ASSERTIONS = NO;
				ENABLE_STRICT_OBJC_MSGSEND = YES;
				GCC_C_LANGUAGE_STANDARD = gnu11;
				GCC_NO_COMMON_BLOCKS = YES;
				GCC_WARN_64_TO_32_BIT_CONVERSION = YES;
				GCC_WARN_ABOUT_RETURN_TYPE = YES_ERROR;
				GCC_WARN_UNDECLARED_SELECTOR = YES;
				GCC_WARN_UNINITIALIZED_AUTOS = YES_AGGRESSIVE;
				GCC_WARN_UNUSED_FUNCTION = YES;
				GCC_WARN_UNUSED_VARIABLE = YES;
				IPHONEOS_DEPLOYMENT_TARGET = 11.3;
				MTL_ENABLE_DEBUG_INFO = NO;
				SDKROOT = iphoneos;
				SWIFT_COMPILATION_MODE = wholemodule;
				SWIFT_OPTIMIZATION_LEVEL = "-O";
				VALIDATE_PRODUCT = YES;
			};
			name = Release;
		};
		720FF6F020B80D0100237EF4 /* Debug */ = {
			isa = XCBuildConfiguration;
			baseConfigurationReference = 41B16C879D1CA855ED386C35 /* Pods-Test Project.debug.xcconfig */;
			buildSettings = {
				ASSETCATALOG_COMPILER_APPICON_NAME = AppIcon;
				CODE_SIGN_STYLE = Automatic;
				DEVELOPMENT_TEAM = AZ7Z4Y8ZXR;
				INFOPLIST_FILE = "Test Project/Info.plist";
				IPHONEOS_DEPLOYMENT_TARGET = 10.0;
				LD_RUNPATH_SEARCH_PATHS = (
					"$(inherited)",
					"@executable_path/Frameworks",
				);
				PRODUCT_BUNDLE_IDENTIFIER = "com.istefanovics.test-project.Test-Project";
				PRODUCT_NAME = "$(TARGET_NAME)";
				SWIFT_VERSION = 4.0;
				TARGETED_DEVICE_FAMILY = 1;
			};
			name = Debug;
		};
		720FF6F120B80D0100237EF4 /* Release */ = {
			isa = XCBuildConfiguration;
			baseConfigurationReference = 7094523C666CC7C71E509209 /* Pods-Test Project.release.xcconfig */;
			buildSettings = {
				ASSETCATALOG_COMPILER_APPICON_NAME = AppIcon;
				CODE_SIGN_STYLE = Automatic;
				DEVELOPMENT_TEAM = AZ7Z4Y8ZXR;
				INFOPLIST_FILE = "Test Project/Info.plist";
				IPHONEOS_DEPLOYMENT_TARGET = 10.0;
				LD_RUNPATH_SEARCH_PATHS = (
					"$(inherited)",
					"@executable_path/Frameworks",
				);
				PRODUCT_BUNDLE_IDENTIFIER = "com.istefanovics.test-project.Test-Project";
				PRODUCT_NAME = "$(TARGET_NAME)";
				SWIFT_VERSION = 4.0;
				TARGETED_DEVICE_FAMILY = 1;
			};
			name = Release;
		};
/* End XCBuildConfiguration section */

/* Begin XCConfigurationList section */
		720FF6D820B80CFF00237EF4 /* Build configuration list for PBXProject "Test Project" */ = {
			isa = XCConfigurationList;
			buildConfigurations = (
				720FF6ED20B80D0100237EF4 /* Debug */,
				720FF6EE20B80D0100237EF4 /* Release */,
			);
			defaultConfigurationIsVisible = 0;
			defaultConfigurationName = Release;
		};
		720FF6EF20B80D0100237EF4 /* Build configuration list for PBXNativeTarget "Test Project" */ = {
			isa = XCConfigurationList;
			buildConfigurations = (
				720FF6F020B80D0100237EF4 /* Debug */,
				720FF6F120B80D0100237EF4 /* Release */,
			);
			defaultConfigurationIsVisible = 0;
			defaultConfigurationName = Release;
		};
/* End XCConfigurationList section */
	};
	rootObject = 720FF6D520B80CFF00237EF4 /* Project object */;
}
